
Microsoft Visual Studio Solution File, Format Version 12.00
# Visual Studio Version 16
VisualStudioVersion = 16.0.29613.14
MinimumVisualStudioVersion = 10.0.40219.1
Project("{FAE04EC0-301F-11D3-BF4B-00C04F79EFBC}") = "SPAMFiltering", "SPAMFiltering\SPAMFiltering.csproj", "{8F24DFA1-8F83-44BF-A490-FC55D586B97F}"
EndProject
Global
	GlobalSection(SolutionConfigurationPlatforms) = preSolution
		Debug|Any CPU = Debug|Any CPU
		Release|Any CPU = Release|Any CPU
	EndGlobalSection
	GlobalSection(ProjectConfigurationPlatforms) = postSolution
		{8F24DFA1-8F83-44BF-A490-FC55D586B97F}.Debug|Any CPU.ActiveCfg = Debug|Any CPU
		{8F24DFA1-8F83-44BF-A490-FC55D586B97F}.Debug|Any CPU.Build.0 = Debug|Any CPU
		{8F24DFA1-8F83-44BF-A490-FC55D586B97F}.Release|Any CPU.ActiveCfg = Release|Any CPU
		{8F24DFA1-8F83-44BF-A490-FC55D586B97F}.Release|Any CPU.Build.0 = Release|Any CPU
	EndGlobalSection
	GlobalSection(SolutionProperties) = preSolution
		HideSolutionNode = FALSE
	EndGlobalSection
	GlobalSection(ExtensibilityGlobals) = postSolution
		SolutionGuid = {6935B622-D249-4B04-8FE8-A8104FFE987C}
	EndGlobalSection
EndGlobal
